
Microsoft Visual Studio Solution File, Format Version 12.00
# Visual Studio Version 17
VisualStudioVersion = 17.8.34219.65
MinimumVisualStudioVersion = 10.0.40219.1
Project("{9A19103F-16F7-4668-BE54-9A1E7A4F7556}") = "SwashbucklerDiary.Shared", "src\SwashbucklerDiary.Shared\SwashbucklerDiary.Shared.csproj", "{46A940B9-EE24-45ED-BC14-625316DD42E0}"
EndProject
Project("{9A19103F-16F7-4668-BE54-9A1E7A4F7556}") = "SwashbucklerDiary.Rcl", "src\SwashbucklerDiary.Rcl\SwashbucklerDiary.Rcl.csproj", "{4A46D645-7EBA-4F7E-B957-3D87BEF50746}"
EndProject
Project("{9A19103F-16F7-4668-BE54-9A1E7A4F7556}") = "SwashbucklerDiary.Maui", "src\SwashbucklerDiary.Maui\SwashbucklerDiary.Maui.csproj", "{829285D2-A18F-4A5B-86FC-B9034CD54DDB}"
EndProject
Project("{9A19103F-16F7-4668-BE54-9A1E7A4F7556}") = "SwashbucklerDiary.WebAssembly", "src\SwashbucklerDiary.WebAssembly\SwashbucklerDiary.WebAssembly.csproj", "{252099D2-73EE-4FD3-9A57-969DA46371CD}"
EndProject
Project("{9A19103F-16F7-4668-BE54-9A1E7A4F7556}") = "Serilog.Sinks.SQLite.Simplified", "src\Serilog.Sinks.SQLite.Simplified\Serilog.Sinks.SQLite.Simplified.csproj", "{C2983DB5-2538-49FE-B65D-69FD6953FCF3}"
EndProject
Project("{2150E333-8FDC-42A3-9474-1A3956D46DE8}") = "Solution Itms", "Solution Itms", "{181F89D9-8AD0-4ED6-A9EB-17828B68BF67}"
	ProjectSection(SolutionItems) = preProject
		.editorconfig = .editorconfig
		README.en-US.md = README.en-US.md
		README.md = README.md
	EndProjectSection
EndProject
Project("{2150E333-8FDC-42A3-9474-1A3956D46DE8}") = "ISSUE_TEMPLATE", "ISSUE_TEMPLATE", "{D8B8AC71-0D71-4271-BA3E-6EDB19420A88}"
	ProjectSection(SolutionItems) = preProject
		.github\ISSUE_TEMPLATE\bug_report.yml = .github\ISSUE_TEMPLATE\bug_report.yml
		.github\ISSUE_TEMPLATE\feature_request.yml = .github\ISSUE_TEMPLATE\feature_request.yml
	EndProjectSection
EndProject
Project("{2150E333-8FDC-42A3-9474-1A3956D46DE8}") = "workflows", "workflows", "{76628868-D584-47A6-BEFA-745BAF7D70F6}"
	ProjectSection(SolutionItems) = preProject
		.github\workflows\gh-pages.yml = .github\workflows\gh-pages.yml
		.github\workflows\releases-linux.yml = .github\workflows\releases-linux.yml
		.github\workflows\releases.yml = .github\workflows\releases.yml
		.github\workflows\sync-gitee-pages.yml = .github\workflows\sync-gitee-pages.yml
		.github\workflows\upload-msstore-msix-to-release.yml = .github\workflows\upload-msstore-msix-to-release.yml
	EndProjectSection
EndProject
Project("{FAE04EC0-301F-11D3-BF4B-00C04F79EFBC}") = "SwashbucklerDiary.Gtk", "src\SwashbucklerDiary.Gtk\SwashbucklerDiary.Gtk.csproj", "{2306ACD4-43FE-44E5-B0D2-77CC601322E0}"
EndProject
Project("{FAE04EC0-301F-11D3-BF4B-00C04F79EFBC}") = "SwashbucklerDiary.Rcl.Hybird", "src\SwashbucklerDiary.Rcl.Hybird\SwashbucklerDiary.Rcl.Hybird.csproj", "{A9044094-4558-CA43-D643-ECB29BD3CB99}"
EndProject
Global
	GlobalSection(SolutionConfigurationPlatforms) = preSolution
		Debug|Any CPU = Debug|Any CPU
		Release|Any CPU = Release|Any CPU
	EndGlobalSection
	GlobalSection(ProjectConfigurationPlatforms) = postSolution
		{46A940B9-EE24-45ED-BC14-625316DD42E0}.Debug|Any CPU.ActiveCfg = Debug|Any CPU
		{46A940B9-EE24-45ED-BC14-625316DD42E0}.Debug|Any CPU.Build.0 = Debug|Any CPU
		{46A940B9-EE24-45ED-BC14-625316DD42E0}.Release|Any CPU.ActiveCfg = Release|Any CPU
		{46A940B9-EE24-45ED-BC14-625316DD42E0}.Release|Any CPU.Build.0 = Release|Any CPU
		{4A46D645-7EBA-4F7E-B957-3D87BEF50746}.Debug|Any CPU.ActiveCfg = Debug|Any CPU
		{4A46D645-7EBA-4F7E-B957-3D87BEF50746}.Debug|Any CPU.Build.0 = Debug|Any CPU
		{4A46D645-7EBA-4F7E-B957-3D87BEF50746}.Release|Any CPU.ActiveCfg = Release|Any CPU
		{4A46D645-7EBA-4F7E-B957-3D87BEF50746}.Release|Any CPU.Build.0 = Release|Any CPU
		{829285D2-A18F-4A5B-86FC-B9034CD54DDB}.Debug|Any CPU.ActiveCfg = Debug|Any CPU
		{829285D2-A18F-4A5B-86FC-B9034CD54DDB}.Debug|Any CPU.Build.0 = Debug|Any CPU
		{829285D2-A18F-4A5B-86FC-B9034CD54DDB}.Debug|Any CPU.Deploy.0 = Debug|Any CPU
		{829285D2-A18F-4A5B-86FC-B9034CD54DDB}.Release|Any CPU.ActiveCfg = Release|Any CPU
		{829285D2-A18F-4A5B-86FC-B9034CD54DDB}.Release|Any CPU.Build.0 = Release|Any CPU
		{829285D2-A18F-4A5B-86FC-B9034CD54DDB}.Release|Any CPU.Deploy.0 = Release|Any CPU
		{252099D2-73EE-4FD3-9A57-969DA46371CD}.Debug|Any CPU.ActiveCfg = Debug|Any CPU
		{252099D2-73EE-4FD3-9A57-969DA46371CD}.Debug|Any CPU.Build.0 = Debug|Any CPU
		{252099D2-73EE-4FD3-9A57-969DA46371CD}.Release|Any CPU.ActiveCfg = Release|Any CPU
		{252099D2-73EE-4FD3-9A57-969DA46371CD}.Release|Any CPU.Build.0 = Release|Any CPU
		{C2983DB5-2538-49FE-B65D-69FD6953FCF3}.Debug|Any CPU.ActiveCfg = Debug|Any CPU
		{C2983DB5-2538-49FE-B65D-69FD6953FCF3}.Debug|Any CPU.Build.0 = Debug|Any CPU
		{C2983DB5-2538-49FE-B65D-69FD6953FCF3}.Release|Any CPU.ActiveCfg = Release|Any CPU
		{C2983DB5-2538-49FE-B65D-69FD6953FCF3}.Release|Any CPU.Build.0 = Release|Any CPU
		{2306ACD4-43FE-44E5-B0D2-77CC601322E0}.Debug|Any CPU.ActiveCfg = Debug|Any CPU
		{2306ACD4-43FE-44E5-B0D2-77CC601322E0}.Debug|Any CPU.Build.0 = Debug|Any CPU
		{2306ACD4-43FE-44E5-B0D2-77CC601322E0}.Release|Any CPU.ActiveCfg = Release|Any CPU
		{2306ACD4-43FE-44E5-B0D2-77CC601322E0}.Release|Any CPU.Build.0 = Release|Any CPU
		{A9044094-4558-CA43-D643-ECB29BD3CB99}.Debug|Any CPU.ActiveCfg = Debug|Any CPU
		{A9044094-4558-CA43-D643-ECB29BD3CB99}.Debug|Any CPU.Build.0 = Debug|Any CPU
		{A9044094-4558-CA43-D643-ECB29BD3CB99}.Release|Any CPU.ActiveCfg = Release|Any CPU
		{A9044094-4558-CA43-D643-ECB29BD3CB99}.Release|Any CPU.Build.0 = Release|Any CPU
	EndGlobalSection
	GlobalSection(SolutionProperties) = preSolution
		HideSolutionNode = FALSE
	EndGlobalSection
	GlobalSection(NestedProjects) = preSolution
		{D8B8AC71-0D71-4271-BA3E-6EDB19420A88} = {181F89D9-8AD0-4ED6-A9EB-17828B68BF67}
		{76628868-D584-47A6-BEFA-745BAF7D70F6} = {181F89D9-8AD0-4ED6-A9EB-17828B68BF67}
	EndGlobalSection
	GlobalSection(ExtensibilityGlobals) = postSolution
		SolutionGuid = {F42115DF-9C26-492F-B265-7FA68DE69B03}
	EndGlobalSection
EndGlobal
